
Microsoft Visual Studio Solution File, Format Version 12.00
# Visual Studio 15
VisualStudioVersion = 15.0.28307.852
MinimumVisualStudioVersion = 10.0.40219.1
Project("{FAE04EC0-301F-11D3-BF4B-00C04F79EFBC}") = "RedisLib", "RedisLib\RedisLib.csproj", "{192B3AD2-BF15-4729-AE5A-F1CF4B62F4D1}"
EndProject
Global
	GlobalSection(SolutionConfigurationPlatforms) = preSolution
		Debug|Any CPU = Debug|Any CPU
		Release|Any CPU = Release|Any CPU
	EndGlobalSection
	GlobalSection(ProjectConfigurationPlatforms) = postSolution
		{192B3AD2-BF15-4729-AE5A-F1CF4B62F4D1}.Debug|Any CPU.ActiveCfg = Debug|Any CPU
		{192B3AD2-BF15-4729-AE5A-F1CF4B62F4D1}.Debug|Any CPU.Build.0 = Debug|Any CPU
		{192B3AD2-BF15-4729-AE5A-F1CF4B62F4D1}.Release|Any CPU.ActiveCfg = Release|Any CPU
		{192B3AD2-BF15-4729-AE5A-F1CF4B62F4D1}.Release|Any CPU.Build.0 = Release|Any CPU
	EndGlobalSection
	GlobalSection(SolutionProperties) = preSolution
		HideSolutionNode = FALSE
	EndGlobalSection
	GlobalSection(ExtensibilityGlobals) = postSolution
		SolutionGuid = {5070CCC2-E049-485D-8349-25CF8AB3FEA3}
	EndGlobalSection
EndGlobal
